// !$*UTF8*$!
{
	archiveVersion = 1;
	classes = {
	};
	objectVersion = 46;
	objects = {

/* Begin PBXBuildFile section */
		9A4656BA1F47964F00ED23C2 /* libassimp.4.0.1.dylib in Frameworks */ = {isa = PBXBuildFile; fileRef = 9A4656B91F47964F00ED23C2 /* libassimp.4.0.1.dylib */; };
		9AD5E04E1F3C8A0100E57071 /* etc1_utils.c in Sources */ = {isa = PBXBuildFile; fileRef = 9AD5E0391F3C8A0100E57071 /* etc1_utils.c */; };
		9AD5E04F1F3C8A0100E57071 /* image_DXT.c in Sources */ = {isa = PBXBuildFile; fileRef = 9AD5E03B1F3C8A0100E57071 /* image_DXT.c */; };
		9AD5E0501F3C8A0100E57071 /* image_helper.c in Sources */ = {isa = PBXBuildFile; fileRef = 9AD5E03D1F3C8A0100E57071 /* image_helper.c */; };
		9AD5E0511F3C8A0100E57071 /* SOIL2.c in Sources */ = {isa = PBXBuildFile; fileRef = 9AD5E0421F3C8A0100E57071 /* SOIL2.c */; };
		9AD5E0591F3C933C00E57071 /* images in CopyFiles */ = {isa = PBXBuildFile; fileRef = 9AD5E0581F3C931900E57071 /* images */; };
		9AD5E05A1F3C934800E57071 /* shaders in CopyFiles */ = {isa = PBXBuildFile; fileRef = 9AD5E0561F3C930100E57071 /* shaders */; };
		9AD631061F4BCC4F0006CE5C /* QuatMath.cpp in Sources */ = {isa = PBXBuildFile; fileRef = 9AD631041F4BCC4F0006CE5C /* QuatMath.cpp */; };
		9AD8673C1F3A713200C2168B /* main.cpp in Sources */ = {isa = PBXBuildFile; fileRef = 9AD8673B1F3A713200C2168B /* main.cpp */; };
		9AD867431F3A726E00C2168B /* OpenGL.framework in Frameworks */ = {isa = PBXBuildFile; fileRef = 9AD867421F3A726E00C2168B /* OpenGL.framework */; };
		9AD867451F3A72C000C2168B /* libGLEW.2.1.0.dylib in Frameworks */ = {isa = PBXBuildFile; fileRef = 9AD867441F3A72C000C2168B /* libGLEW.2.1.0.dylib */; };
		9AD867471F3A72E200C2168B /* libglfw.3.2.dylib in Frameworks */ = {isa = PBXBuildFile; fileRef = 9AD867461F3A72E200C2168B /* libglfw.3.2.dylib */; };
/* End PBXBuildFile section */

/* Begin PBXCopyFilesBuildPhase section */
		9A6820F71F3BC9720047F520 /* CopyFiles */ = {
			isa = PBXCopyFilesBuildPhase;
			buildActionMask = 2147483647;
			dstPath = "";
			dstSubfolderSpec = 7;
			files = (
				9AD5E05A1F3C934800E57071 /* shaders in CopyFiles */,
				9AD5E0591F3C933C00E57071 /* images in CopyFiles */,
			);
			runOnlyForDeploymentPostprocessing = 0;
		};
		9AD867361F3A713200C2168B /* CopyFiles */ = {
			isa = PBXCopyFilesBuildPhase;
			buildActionMask = 2147483647;
			dstPath = /usr/share/man/man1/;
			dstSubfolderSpec = 0;
			files = (
			);
			runOnlyForDeploymentPostprocessing = 1;
		};
/* End PBXCopyFilesBuildPhase section */

/* Begin PBXFileReference section */
		9A4656B91F47964F00ED23C2 /* libassimp.4.0.1.dylib */ = {isa = PBXFileReference; lastKnownFileType = "compiled.mach-o.dylib"; name = libassimp.4.0.1.dylib; path = ../../../../usr/local/Cellar/assimp/4.0.1/lib/libassimp.4.0.1.dylib; sourceTree = "<group>"; };
		9A4656BB1F48A3B300ED23C2 /* models */ = {isa = PBXFileReference; lastKnownFileType = folder; path = models; sourceTree = "<group>"; };
		9A4656BC1F48A66600ED23C2 /* Model.h */ = {isa = PBXFileReference; fileEncoding = 4; lastKnownFileType = sourcecode.c.h; path = Model.h; sourceTree = "<group>"; };
		9A6821321F3C6DA00047F520 /* Shader.h */ = {isa = PBXFileReference; fileEncoding = 4; lastKnownFileType = sourcecode.c.h; name = Shader.h; path = src/Shader.h; sourceTree = SOURCE_ROOT; };
		9A782C5E1F477F40002C79AA /* Mesh.h */ = {isa = PBXFileReference; fileEncoding = 4; lastKnownFileType = sourcecode.c.h; path = Mesh.h; sourceTree = "<group>"; };
		9AD5E0391F3C8A0100E57071 /* etc1_utils.c */ = {isa = PBXFileReference; fileEncoding = 4; lastKnownFileType = sourcecode.c.c; path = etc1_utils.c; sourceTree = "<group>"; };
		9AD5E03A1F3C8A0100E57071 /* etc1_utils.h */ = {isa = PBXFileReference; fileEncoding = 4; lastKnownFileType = sourcecode.c.h; path = etc1_utils.h; sourceTree = "<group>"; };
		9AD5E03B1F3C8A0100E57071 /* image_DXT.c */ = {isa = PBXFileReference; fileEncoding = 4; lastKnownFileType = sourcecode.c.c; path = image_DXT.c; sourceTree = "<group>"; };
		9AD5E03C1F3C8A0100E57071 /* image_DXT.h */ = {isa = PBXFileReference; fileEncoding = 4; lastKnownFileType = sourcecode.c.h; path = image_DXT.h; sourceTree = "<group>"; };
		9AD5E03D1F3C8A0100E57071 /* image_helper.c */ = {isa = PBXFileReference; fileEncoding = 4; lastKnownFileType = sourcecode.c.c; path = image_helper.c; sourceTree = "<group>"; };
		9AD5E03E1F3C8A0100E57071 /* image_helper.h */ = {isa = PBXFileReference; fileEncoding = 4; lastKnownFileType = sourcecode.c.h; path = image_helper.h; sourceTree = "<group>"; };
		9AD5E03F1F3C8A0100E57071 /* jo_jpeg.h */ = {isa = PBXFileReference; fileEncoding = 4; lastKnownFileType = sourcecode.c.h; path = jo_jpeg.h; sourceTree = "<group>"; };
		9AD5E0401F3C8A0100E57071 /* pkm_helper.h */ = {isa = PBXFileReference; fileEncoding = 4; lastKnownFileType = sourcecode.c.h; path = pkm_helper.h; sourceTree = "<group>"; };
		9AD5E0411F3C8A0100E57071 /* pvr_helper.h */ = {isa = PBXFileReference; fileEncoding = 4; lastKnownFileType = sourcecode.c.h; path = pvr_helper.h; sourceTree = "<group>"; };
		9AD5E0421F3C8A0100E57071 /* SOIL2.c */ = {isa = PBXFileReference; fileEncoding = 4; lastKnownFileType = sourcecode.c.c; path = SOIL2.c; sourceTree = "<group>"; };
		9AD5E0431F3C8A0100E57071 /* SOIL2.h */ = {isa = PBXFileReference; fileEncoding = 4; lastKnownFileType = sourcecode.c.h; path = SOIL2.h; sourceTree = "<group>"; };
		9AD5E0441F3C8A0100E57071 /* stb_image.h */ = {isa = PBXFileReference; fileEncoding = 4; lastKnownFileType = sourcecode.c.h; path = stb_image.h; sourceTree = "<group>"; };
		9AD5E0451F3C8A0100E57071 /* stb_image_write.h */ = {isa = PBXFileReference; fileEncoding = 4; lastKnownFileType = sourcecode.c.h; path = stb_image_write.h; sourceTree = "<group>"; };
		9AD5E0461F3C8A0100E57071 /* stbi_DDS.h */ = {isa = PBXFileReference; fileEncoding = 4; lastKnownFileType = sourcecode.c.h; path = stbi_DDS.h; sourceTree = "<group>"; };
		9AD5E0471F3C8A0100E57071 /* stbi_DDS_c.h */ = {isa = PBXFileReference; fileEncoding = 4; lastKnownFileType = sourcecode.c.h; path = stbi_DDS_c.h; sourceTree = "<group>"; };
		9AD5E0481F3C8A0100E57071 /* stbi_ext.h */ = {isa = PBXFileReference; fileEncoding = 4; lastKnownFileType = sourcecode.c.h; path = stbi_ext.h; sourceTree = "<group>"; };
		9AD5E0491F3C8A0100E57071 /* stbi_ext_c.h */ = {isa = PBXFileReference; fileEncoding = 4; lastKnownFileType = sourcecode.c.h; path = stbi_ext_c.h; sourceTree = "<group>"; };
		9AD5E04A1F3C8A0100E57071 /* stbi_pkm.h */ = {isa = PBXFileReference; fileEncoding = 4; lastKnownFileType = sourcecode.c.h; path = stbi_pkm.h; sourceTree = "<group>"; };
		9AD5E04B1F3C8A0100E57071 /* stbi_pkm_c.h */ = {isa = PBXFileReference; fileEncoding = 4; lastKnownFileType = sourcecode.c.h; path = stbi_pkm_c.h; sourceTree = "<group>"; };
		9AD5E04C1F3C8A0100E57071 /* stbi_pvr.h */ = {isa = PBXFileReference; fileEncoding = 4; lastKnownFileType = sourcecode.c.h; path = stbi_pvr.h; sourceTree = "<group>"; };
		9AD5E04D1F3C8A0100E57071 /* stbi_pvr_c.h */ = {isa = PBXFileReference; fileEncoding = 4; lastKnownFileType = sourcecode.c.h; path = stbi_pvr_c.h; sourceTree = "<group>"; };
		9AD5E0561F3C930100E57071 /* shaders */ = {isa = PBXFileReference; lastKnownFileType = folder; name = shaders; path = res/shaders; sourceTree = SOURCE_ROOT; };
		9AD5E0581F3C931900E57071 /* images */ = {isa = PBXFileReference; lastKnownFileType = folder; name = images; path = res/images; sourceTree = SOURCE_ROOT; };
		9AD5E05B1F3DD0F400E57071 /* Camera.h */ = {isa = PBXFileReference; fileEncoding = 4; lastKnownFileType = sourcecode.c.h; path = Camera.h; sourceTree = "<group>"; };
		9AD631041F4BCC4F0006CE5C /* QuatMath.cpp */ = {isa = PBXFileReference; fileEncoding = 4; lastKnownFileType = sourcecode.cpp.cpp; path = QuatMath.cpp; sourceTree = "<group>"; };
		9AD631051F4BCC4F0006CE5C /* QuatMath.h */ = {isa = PBXFileReference; fileEncoding = 4; lastKnownFileType = sourcecode.c.h; path = QuatMath.h; sourceTree = "<group>"; };
		9AD867381F3A713200C2168B /* meshReduction */ = {isa = PBXFileReference; explicitFileType = "compiled.mach-o.executable"; includeInIndex = 0; path = meshReduction; sourceTree = BUILT_PRODUCTS_DIR; };
		9AD8673B1F3A713200C2168B /* main.cpp */ = {isa = PBXFileReference; lastKnownFileType = sourcecode.cpp.cpp; path = main.cpp; sourceTree = "<group>"; usesTabs = 0; };
		9AD867421F3A726E00C2168B /* OpenGL.framework */ = {isa = PBXFileReference; lastKnownFileType = wrapper.framework; name = OpenGL.framework; path = System/Library/Frameworks/OpenGL.framework; sourceTree = SDKROOT; };
		9AD867441F3A72C000C2168B /* libGLEW.2.1.0.dylib */ = {isa = PBXFileReference; lastKnownFileType = "compiled.mach-o.dylib"; name = libGLEW.2.1.0.dylib; path = ../../../../usr/local/Cellar/glew/2.1.0/lib/libGLEW.2.1.0.dylib; sourceTree = "<group>"; };
		9AD867461F3A72E200C2168B /* libglfw.3.2.dylib */ = {isa = PBXFileReference; lastKnownFileType = "compiled.mach-o.dylib"; name = libglfw.3.2.dylib; path = ../../../../usr/local/Cellar/glfw/3.2.1/lib/libglfw.3.2.dylib; sourceTree = "<group>"; };
/* End PBXFileReference section */

/* Begin PBXFrameworksBuildPhase section */
		9AD867351F3A713200C2168B /* Frameworks */ = {
			isa = PBXFrameworksBuildPhase;
			buildActionMask = 2147483647;
			files = (
				9A4656BA1F47964F00ED23C2 /* libassimp.4.0.1.dylib in Frameworks */,
				9AD867471F3A72E200C2168B /* libglfw.3.2.dylib in Frameworks */,
				9AD867451F3A72C000C2168B /* libGLEW.2.1.0.dylib in Frameworks */,
				9AD867431F3A726E00C2168B /* OpenGL.framework in Frameworks */,
			);
			runOnlyForDeploymentPostprocessing = 0;
		};
/* End PBXFrameworksBuildPhase section */

/* Begin PBXGroup section */
		9AD5E0371F3C8A0100E57071 /* tools */ = {
			isa = PBXGroup;
			children = (
				9AD5E0381F3C8A0100E57071 /* SOIL2 */,
			);
			path = tools;
			sourceTree = "<group>";
		};
		9AD5E0381F3C8A0100E57071 /* SOIL2 */ = {
			isa = PBXGroup;
			children = (
				9AD5E0391F3C8A0100E57071 /* etc1_utils.c */,
				9AD5E03A1F3C8A0100E57071 /* etc1_utils.h */,
				9AD5E03B1F3C8A0100E57071 /* image_DXT.c */,
				9AD5E03C1F3C8A0100E57071 /* image_DXT.h */,
				9AD5E03D1F3C8A0100E57071 /* image_helper.c */,
				9AD5E03E1F3C8A0100E57071 /* image_helper.h */,
				9AD5E03F1F3C8A0100E57071 /* jo_jpeg.h */,
				9AD5E0401F3C8A0100E57071 /* pkm_helper.h */,
				9AD5E0411F3C8A0100E57071 /* pvr_helper.h */,
				9AD5E0421F3C8A0100E57071 /* SOIL2.c */,
				9AD5E0431F3C8A0100E57071 /* SOIL2.h */,
				9AD5E0441F3C8A0100E57071 /* stb_image.h */,
				9AD5E0451F3C8A0100E57071 /* stb_image_write.h */,
				9AD5E0461F3C8A0100E57071 /* stbi_DDS.h */,
				9AD5E0471F3C8A0100E57071 /* stbi_DDS_c.h */,
				9AD5E0481F3C8A0100E57071 /* stbi_ext.h */,
				9AD5E0491F3C8A0100E57071 /* stbi_ext_c.h */,
				9AD5E04A1F3C8A0100E57071 /* stbi_pkm.h */,
				9AD5E04B1F3C8A0100E57071 /* stbi_pkm_c.h */,
				9AD5E04C1F3C8A0100E57071 /* stbi_pvr.h */,
				9AD5E04D1F3C8A0100E57071 /* stbi_pvr_c.h */,
			);
			name = SOIL2;
			path = tools/SOIL2;
			sourceTree = SOURCE_ROOT;
		};
		9AD5E0551F3C92D700E57071 /* res */ = {
			isa = PBXGroup;
			children = (
				9AD5E0581F3C931900E57071 /* images */,
				9A4656BB1F48A3B300ED23C2 /* models */,
				9AD5E0561F3C930100E57071 /* shaders */,
			);
			path = res;
			sourceTree = SOURCE_ROOT;
		};
		9AD8672F1F3A713200C2168B = {
			isa = PBXGroup;
			children = (
				9A4656B91F47964F00ED23C2 /* libassimp.4.0.1.dylib */,
				9AD5E0551F3C92D700E57071 /* res */,
				9AD867461F3A72E200C2168B /* libglfw.3.2.dylib */,
				9AD867441F3A72C000C2168B /* libGLEW.2.1.0.dylib */,
				9AD867421F3A726E00C2168B /* OpenGL.framework */,
				9AD8673A1F3A713200C2168B /* src */,
				9AD5E0371F3C8A0100E57071 /* tools */,
				9AD867391F3A713200C2168B /* Products */,
			);
			sourceTree = "<group>";
		};
		9AD867391F3A713200C2168B /* Products */ = {
			isa = PBXGroup;
			children = (
				9AD867381F3A713200C2168B /* meshReduction */,
			);
			name = Products;
			sourceTree = "<group>";
		};
		9AD8673A1F3A713200C2168B /* src */ = {
			isa = PBXGroup;
			children = (
				9AD8673B1F3A713200C2168B /* main.cpp */,
				9A6821321F3C6DA00047F520 /* Shader.h */,
				9AD5E05B1F3DD0F400E57071 /* Camera.h */,
				9A782C5E1F477F40002C79AA /* Mesh.h */,
				9A4656BC1F48A66600ED23C2 /* Model.h */,
				9AD631041F4BCC4F0006CE5C /* QuatMath.cpp */,
				9AD631051F4BCC4F0006CE5C /* QuatMath.h */,
			);
			path = src;
			sourceTree = SOURCE_ROOT;
		};
/* End PBXGroup section */

/* Begin PBXNativeTarget section */
		9AD867371F3A713200C2168B /* meshReduction */ = {
			isa = PBXNativeTarget;
			buildConfigurationList = 9AD8673F1F3A713200C2168B /* Build configuration list for PBXNativeTarget "meshReduction" */;
			buildPhases = (
				9AD867341F3A713200C2168B /* Sources */,
				9AD867351F3A713200C2168B /* Frameworks */,
				9AD867361F3A713200C2168B /* CopyFiles */,
				9A6820F71F3BC9720047F520 /* CopyFiles */,
			);
			buildRules = (
			);
			dependencies = (
			);
			name = meshReduction;
			productName = meshReduction;
			productReference = 9AD867381F3A713200C2168B /* meshReduction */;
			productType = "com.apple.product-type.tool";
		};
/* End PBXNativeTarget section */

/* Begin PBXProject section */
		9AD867301F3A713200C2168B /* Project object */ = {
			isa = PBXProject;
			attributes = {
				LastUpgradeCheck = 0640;
				ORGANIZATIONNAME = "Graham Stubbs";
				TargetAttributes = {
					9AD867371F3A713200C2168B = {
						CreatedOnToolsVersion = 6.4;
					};
				};
			};
			buildConfigurationList = 9AD867331F3A713200C2168B /* Build configuration list for PBXProject "meshReduction" */;
			compatibilityVersion = "Xcode 3.2";
			developmentRegion = English;
			hasScannedForEncodings = 0;
			knownRegions = (
				en,
			);
			mainGroup = 9AD8672F1F3A713200C2168B;
			productRefGroup = 9AD867391F3A713200C2168B /* Products */;
			projectDirPath = "";
			projectRoot = "";
			targets = (
				9AD867371F3A713200C2168B /* meshReduction */,
			);
		};
/* End PBXProject section */

/* Begin PBXSourcesBuildPhase section */
		9AD867341F3A713200C2168B /* Sources */ = {
			isa = PBXSourcesBuildPhase;
			buildActionMask = 2147483647;
			files = (
				9AD631061F4BCC4F0006CE5C /* QuatMath.cpp in Sources */,
				9AD5E0501F3C8A0100E57071 /* image_helper.c in Sources */,
				9AD8673C1F3A713200C2168B /* main.cpp in Sources */,
				9AD5E04F1F3C8A0100E57071 /* image_DXT.c in Sources */,
				9AD5E0511F3C8A0100E57071 /* SOIL2.c in Sources */,
				9AD5E04E1F3C8A0100E57071 /* etc1_utils.c in Sources */,
			);
			runOnlyForDeploymentPostprocessing = 0;
		};
/* End PBXSourcesBuildPhase section */

/* Begin XCBuildConfiguration section */
		9AD8673D1F3A713200C2168B /* Debug */ = {
			isa = XCBuildConfiguration;
			buildSettings = {
				ALWAYS_SEARCH_USER_PATHS = NO;
				CLANG_CXX_LANGUAGE_STANDARD = "gnu++0x";
				CLANG_CXX_LIBRARY = "libc++";
				CLANG_ENABLE_MODULES = YES;
				CLANG_ENABLE_OBJC_ARC = YES;
				CLANG_WARN_BOOL_CONVERSION = YES;
				CLANG_WARN_CONSTANT_CONVERSION = YES;
				CLANG_WARN_DIRECT_OBJC_ISA_USAGE = YES_ERROR;
				CLANG_WARN_EMPTY_BODY = YES;
				CLANG_WARN_ENUM_CONVERSION = YES;
				CLANG_WARN_INT_CONVERSION = YES;
				CLANG_WARN_OBJC_ROOT_CLASS = YES_ERROR;
				CLANG_WARN_UNREACHABLE_CODE = YES;
				CLANG_WARN__DUPLICATE_METHOD_MATCH = YES;
				COPY_PHASE_STRIP = NO;
				DEBUG_INFORMATION_FORMAT = dwarf;
				ENABLE_STRICT_OBJC_MSGSEND = YES;
				GCC_C_LANGUAGE_STANDARD = gnu99;
				GCC_DYNAMIC_NO_PIC = NO;
				GCC_NO_COMMON_BLOCKS = YES;
				GCC_OPTIMIZATION_LEVEL = 0;
				GCC_PREPROCESSOR_DEFINITIONS = (
					"DEBUG=1",
					"$(inherited)",
				);
				GCC_SYMBOLS_PRIVATE_EXTERN = NO;
				GCC_WARN_64_TO_32_BIT_CONVERSION = YES;
				GCC_WARN_ABOUT_RETURN_TYPE = YES_ERROR;
				GCC_WARN_UNDECLARED_SELECTOR = YES;
				GCC_WARN_UNINITIALIZED_AUTOS = YES_AGGRESSIVE;
				GCC_WARN_UNUSED_FUNCTION = YES;
				GCC_WARN_UNUSED_VARIABLE = YES;
				HEADER_SEARCH_PATHS = (
					"$(inherited)",
					/Applications/Xcode.app/Contents/Developer/Toolchains/XcodeDefault.xctoolchain/usr/include,
					/usr/local/include,
				);
				MACOSX_DEPLOYMENT_TARGET = 10.10;
				MTL_ENABLE_DEBUG_INFO = YES;
				ONLY_ACTIVE_ARCH = YES;
				SDKROOT = macosx;
			};
			name = Debug;
		};
		9AD8673E1F3A713200C2168B /* Release */ = {
			isa = XCBuildConfiguration;
			buildSettings = {
				ALWAYS_SEARCH_USER_PATHS = NO;
				CLANG_CXX_LANGUAGE_STANDARD = "gnu++0x";
				CLANG_CXX_LIBRARY = "libc++";
				CLANG_ENABLE_MODULES = YES;
				CLANG_ENABLE_OBJC_ARC = YES;
				CLANG_WARN_BOOL_CONVERSION = YES;
				CLANG_WARN_CONSTANT_CONVERSION = YES;
				CLANG_WARN_DIRECT_OBJC_ISA_USAGE = YES_ERROR;
				CLANG_WARN_EMPTY_BODY = YES;
				CLANG_WARN_ENUM_CONVERSION = YES;
				CLANG_WARN_INT_CONVERSION = YES;
				CLANG_WARN_OBJC_ROOT_CLASS = YES_ERROR;
				CLANG_WARN_UNREACHABLE_CODE = YES;
				CLANG_WARN__DUPLICATE_METHOD_MATCH = YES;
				COPY_PHASE_STRIP = NO;
				DEBUG_INFORMATION_FORMAT = "dwarf-with-dsym";
				ENABLE_NS_ASSERTIONS = NO;
				ENABLE_STRICT_OBJC_MSGSEND = YES;
				GCC_C_LANGUAGE_STANDARD = gnu99;
				GCC_NO_COMMON_BLOCKS = YES;
				GCC_WARN_64_TO_32_BIT_CONVERSION = YES;
				GCC_WARN_ABOUT_RETURN_TYPE = YES_ERROR;
				GCC_WARN_UNDECLARED_SELECTOR = YES;
				GCC_WARN_UNINITIALIZED_AUTOS = YES_AGGRESSIVE;
				GCC_WARN_UNUSED_FUNCTION = YES;
				GCC_WARN_UNUSED_VARIABLE = YES;
				HEADER_SEARCH_PATHS = (
					"$(inherited)",
					/Applications/Xcode.app/Contents/Developer/Toolchains/XcodeDefault.xctoolchain/usr/include,
					/usr/local/include,
				);
				MACOSX_DEPLOYMENT_TARGET = 10.10;
				MTL_ENABLE_DEBUG_INFO = NO;
				SDKROOT = macosx;
			};
			name = Release;
		};
		9AD867401F3A713200C2168B /* Debug */ = {
			isa = XCBuildConfiguration;
			buildSettings = {
				HEADER_SEARCH_PATHS = (
					"$(inherited)",
					/Applications/Xcode.app/Contents/Developer/Toolchains/XcodeDefault.xctoolchain/usr/include,
					/usr/local/include,
					/Users/grahamstubbs/Projects/meshReduction/tools,
				);
				LIBRARY_SEARCH_PATHS = (
					"$(inherited)",
					/usr/local/Cellar/glew/2.1.0/lib,
					/usr/local/Cellar/glfw/3.2.1/lib,
					/usr/local/Cellar/assimp/4.0.1/lib,
				);
				PRODUCT_NAME = "$(TARGET_NAME)";
				"USER_HEADER_SEARCH_PATHS[arch=*]" = "";
			};
			name = Debug;
		};
		9AD867411F3A713200C2168B /* Release */ = {
			isa = XCBuildConfiguration;
			buildSettings = {
				HEADER_SEARCH_PATHS = (
					"$(inherited)",
					/Applications/Xcode.app/Contents/Developer/Toolchains/XcodeDefault.xctoolchain/usr/include,
					/usr/local/include,
					/Users/grahamstubbs/Projects/meshReduction/tools,
				);
				LIBRARY_SEARCH_PATHS = (
					"$(inherited)",
					/usr/local/Cellar/glew/2.1.0/lib,
					/usr/local/Cellar/glfw/3.2.1/lib,
					/usr/local/Cellar/assimp/4.0.1/lib,
				);
				PRODUCT_NAME = "$(TARGET_NAME)";
			};
			name = Release;
		};
/* End XCBuildConfiguration section */

/* Begin XCConfigurationList section */
		9AD867331F3A713200C2168B /* Build configuration list for PBXProject "meshReduction" */ = {
			isa = XCConfigurationList;
			buildConfigurations = (
				9AD8673D1F3A713200C2168B /* Debug */,
				9AD8673E1F3A713200C2168B /* Release */,
			);
			defaultConfigurationIsVisible = 0;
			defaultConfigurationName = Release;
		};
		9AD8673F1F3A713200C2168B /* Build configuration list for PBXNativeTarget "meshReduction" */ = {
			isa = XCConfigurationList;
			buildConfigurations = (
				9AD867401F3A713200C2168B /* Debug */,
				9AD867411F3A713200C2168B /* Release */,
			);
			defaultConfigurationIsVisible = 0;
			defaultConfigurationName = Release;
		};
/* End XCConfigurationList section */
	};
	rootObject = 9AD867301F3A713200C2168B /* Project object */;
}
